
Microsoft Visual Studio Solution File, Format Version 12.00
# Visual Studio Version 16
VisualStudioVersion = 16.0.30330.147
MinimumVisualStudioVersion = 10.0.40219.1
Project("{9A19103F-16F7-4668-BE54-9A1E7A4F7556}") = "ShopBridge.API", "ShopBridge.API\ShopBridge.API.csproj", "{076C2701-5A4A-4808-B118-7852136EC6B7}"
EndProject
Project("{9A19103F-16F7-4668-BE54-9A1E7A4F7556}") = "ShopBridge.Service", "ShopBridge.Service\ShopBridge.Service.csproj", "{E0B9BA30-690F-4AA3-BFEF-0DA4046F50AC}"
EndProject
Project("{9A19103F-16F7-4668-BE54-9A1E7A4F7556}") = "ShopBridge.Model", "ShopBridge.Model\ShopBridge.Model.csproj", "{58154ECC-57F5-4294-906A-61CC4677F837}"
EndProject
Project("{9A19103F-16F7-4668-BE54-9A1E7A4F7556}") = "ShopBridge.Repository", "ShopBridge.Repository\ShopBridge.Repository.csproj", "{D8F1C848-EB39-4AE8-A0BE-CE2C52F6C3EB}"
EndProject
Project("{9A19103F-16F7-4668-BE54-9A1E7A4F7556}") = "ShopBridge.IService", "ShopBridge.IService\ShopBridge.IService.csproj", "{D78DD6BB-C17F-4491-B2DA-E052F3DA9B44}"
EndProject
Project("{9A19103F-16F7-4668-BE54-9A1E7A4F7556}") = "ShopBridge.IRepository", "ShopBridge.IRepository\ShopBridge.IRepository.csproj", "{CF1EF1ED-34F4-47EC-850D-C22D46689EF2}"
EndProject
Project("{9A19103F-16F7-4668-BE54-9A1E7A4F7556}") = "ShopBridge.DependencyResolver", "ShopBridge.DependencyResolver\ShopBridge.DependencyResolver.csproj", "{1D9F66A5-FE77-4B20-A363-61CC2E291B02}"
EndProject
Project("{9A19103F-16F7-4668-BE54-9A1E7A4F7556}") = "ShopBridge.Common", "ShopBridge.Common\ShopBridge.Common.csproj", "{DA78B655-66E8-4471-A796-25DA52F430F1}"
EndProject
Project("{00D1A9C2-B5F0-4AF3-8072-F6C62B433612}") = "ShopBridge.DB", "ShopBridge.DB\ShopBridge.DB.sqlproj", "{1DC2A90F-58C0-4CF7-A4DC-6D7D600C2C32}"
EndProject
Project("{9A19103F-16F7-4668-BE54-9A1E7A4F7556}") = "ShopBridge.Logger", "ShopBridge.Logger\ShopBridge.Logger.csproj", "{66641B0F-BB93-4260-A7E8-82B9B89C8577}"
EndProject
Project("{2150E333-8FDC-42A3-9474-1A3956D46DE8}") = "Test", "Test", "{E48BB247-E320-4D68-99E2-10878DD79CCE}"
EndProject
Project("{2150E333-8FDC-42A3-9474-1A3956D46DE8}") = "API", "API", "{8496E75A-0431-4B82-B49B-F768D8941786}"
EndProject
Project("{2150E333-8FDC-42A3-9474-1A3956D46DE8}") = "Domain", "Domain", "{CDF7920C-9111-4CDD-8FCD-D541C940070C}"
EndProject
Project("{2150E333-8FDC-42A3-9474-1A3956D46DE8}") = "Infrastructure", "Infrastructure", "{C64A6370-4F10-4452-98E0-419711D30B1F}"
EndProject
Project("{2150E333-8FDC-42A3-9474-1A3956D46DE8}") = "Common", "Common", "{AC3A3EFA-7584-498D-A179-93D2D97AB43B}"
EndProject
Project("{2150E333-8FDC-42A3-9474-1A3956D46DE8}") = "DB", "DB", "{98DFA07F-2F83-47CB-8EB9-9ED3EE0E786E}"
EndProject
Project("{9A19103F-16F7-4668-BE54-9A1E7A4F7556}") = "ShopBridge.API.Test", "ShopBridge.API.Test\ShopBridge.API.Test.csproj", "{CB5A46E0-68B3-4C18-8EE3-5ACADBCA6C83}"
EndProject
Project("{FAE04EC0-301F-11D3-BF4B-00C04F79EFBC}") = "ShopBridge.Service.Test", "ShopBridge.Service.Test\ShopBridge.Service.Test.csproj", "{53765947-3C37-4E1F-A1A1-1F50D3C20DA2}"
EndProject
Global
	GlobalSection(SolutionConfigurationPlatforms) = preSolution
		Debug|Any CPU = Debug|Any CPU
		Release|Any CPU = Release|Any CPU
	EndGlobalSection
	GlobalSection(ProjectConfigurationPlatforms) = postSolution
		{076C2701-5A4A-4808-B118-7852136EC6B7}.Debug|Any CPU.ActiveCfg = Debug|Any CPU
		{076C2701-5A4A-4808-B118-7852136EC6B7}.Debug|Any CPU.Build.0 = Debug|Any CPU
		{076C2701-5A4A-4808-B118-7852136EC6B7}.Release|Any CPU.ActiveCfg = Release|Any CPU
		{076C2701-5A4A-4808-B118-7852136EC6B7}.Release|Any CPU.Build.0 = Release|Any CPU
		{E0B9BA30-690F-4AA3-BFEF-0DA4046F50AC}.Debug|Any CPU.ActiveCfg = Debug|Any CPU
		{E0B9BA30-690F-4AA3-BFEF-0DA4046F50AC}.Debug|Any CPU.Build.0 = Debug|Any CPU
		{E0B9BA30-690F-4AA3-BFEF-0DA4046F50AC}.Release|Any CPU.ActiveCfg = Release|Any CPU
		{E0B9BA30-690F-4AA3-BFEF-0DA4046F50AC}.Release|Any CPU.Build.0 = Release|Any CPU
		{58154ECC-57F5-4294-906A-61CC4677F837}.Debug|Any CPU.ActiveCfg = Debug|Any CPU
		{58154ECC-57F5-4294-906A-61CC4677F837}.Debug|Any CPU.Build.0 = Debug|Any CPU
		{58154ECC-57F5-4294-906A-61CC4677F837}.Release|Any CPU.ActiveCfg = Release|Any CPU
		{58154ECC-57F5-4294-906A-61CC4677F837}.Release|Any CPU.Build.0 = Release|Any CPU
		{D8F1C848-EB39-4AE8-A0BE-CE2C52F6C3EB}.Debug|Any CPU.ActiveCfg = Debug|Any CPU
		{D8F1C848-EB39-4AE8-A0BE-CE2C52F6C3EB}.Debug|Any CPU.Build.0 = Debug|Any CPU
		{D8F1C848-EB39-4AE8-A0BE-CE2C52F6C3EB}.Release|Any CPU.ActiveCfg = Release|Any CPU
		{D8F1C848-EB39-4AE8-A0BE-CE2C52F6C3EB}.Release|Any CPU.Build.0 = Release|Any CPU
		{D78DD6BB-C17F-4491-B2DA-E052F3DA9B44}.Debug|Any CPU.ActiveCfg = Debug|Any CPU
		{D78DD6BB-C17F-4491-B2DA-E052F3DA9B44}.Debug|Any CPU.Build.0 = Debug|Any CPU
		{D78DD6BB-C17F-4491-B2DA-E052F3DA9B44}.Release|Any CPU.ActiveCfg = Release|Any CPU
		{D78DD6BB-C17F-4491-B2DA-E052F3DA9B44}.Release|Any CPU.Build.0 = Release|Any CPU
		{CF1EF1ED-34F4-47EC-850D-C22D46689EF2}.Debug|Any CPU.ActiveCfg = Debug|Any CPU
		{CF1EF1ED-34F4-47EC-850D-C22D46689EF2}.Debug|Any CPU.Build.0 = Debug|Any CPU
		{CF1EF1ED-34F4-47EC-850D-C22D46689EF2}.Release|Any CPU.ActiveCfg = Release|Any CPU
		{CF1EF1ED-34F4-47EC-850D-C22D46689EF2}.Release|Any CPU.Build.0 = Release|Any CPU
		{1D9F66A5-FE77-4B20-A363-61CC2E291B02}.Debug|Any CPU.ActiveCfg = Debug|Any CPU
		{1D9F66A5-FE77-4B20-A363-61CC2E291B02}.Debug|Any CPU.Build.0 = Debug|Any CPU
		{1D9F66A5-FE77-4B20-A363-61CC2E291B02}.Release|Any CPU.ActiveCfg = Release|Any CPU
		{1D9F66A5-FE77-4B20-A363-61CC2E291B02}.Release|Any CPU.Build.0 = Release|Any CPU
		{DA78B655-66E8-4471-A796-25DA52F430F1}.Debug|Any CPU.ActiveCfg = Debug|Any CPU
		{DA78B655-66E8-4471-A796-25DA52F430F1}.Debug|Any CPU.Build.0 = Debug|Any CPU
		{DA78B655-66E8-4471-A796-25DA52F430F1}.Release|Any CPU.ActiveCfg = Release|Any CPU
		{DA78B655-66E8-4471-A796-25DA52F430F1}.Release|Any CPU.Build.0 = Release|Any CPU
		{1DC2A90F-58C0-4CF7-A4DC-6D7D600C2C32}.Debug|Any CPU.ActiveCfg = Debug|Any CPU
		{1DC2A90F-58C0-4CF7-A4DC-6D7D600C2C32}.Debug|Any CPU.Build.0 = Debug|Any CPU
		{1DC2A90F-58C0-4CF7-A4DC-6D7D600C2C32}.Debug|Any CPU.Deploy.0 = Debug|Any CPU
		{1DC2A90F-58C0-4CF7-A4DC-6D7D600C2C32}.Release|Any CPU.ActiveCfg = Release|Any CPU
		{1DC2A90F-58C0-4CF7-A4DC-6D7D600C2C32}.Release|Any CPU.Build.0 = Release|Any CPU
		{1DC2A90F-58C0-4CF7-A4DC-6D7D600C2C32}.Release|Any CPU.Deploy.0 = Release|Any CPU
		{66641B0F-BB93-4260-A7E8-82B9B89C8577}.Debug|Any CPU.ActiveCfg = Debug|Any CPU
		{66641B0F-BB93-4260-A7E8-82B9B89C8577}.Debug|Any CPU.Build.0 = Debug|Any CPU
		{66641B0F-BB93-4260-A7E8-82B9B89C8577}.Release|Any CPU.ActiveCfg = Release|Any CPU
		{66641B0F-BB93-4260-A7E8-82B9B89C8577}.Release|Any CPU.Build.0 = Release|Any CPU
		{CB5A46E0-68B3-4C18-8EE3-5ACADBCA6C83}.Debug|Any CPU.ActiveCfg = Debug|Any CPU
		{CB5A46E0-68B3-4C18-8EE3-5ACADBCA6C83}.Debug|Any CPU.Build.0 = Debug|Any CPU
		{CB5A46E0-68B3-4C18-8EE3-5ACADBCA6C83}.Release|Any CPU.ActiveCfg = Release|Any CPU
		{CB5A46E0-68B3-4C18-8EE3-5ACADBCA6C83}.Release|Any CPU.Build.0 = Release|Any CPU
		{53765947-3C37-4E1F-A1A1-1F50D3C20DA2}.Debug|Any CPU.ActiveCfg = Debug|Any CPU
		{53765947-3C37-4E1F-A1A1-1F50D3C20DA2}.Debug|Any CPU.Build.0 = Debug|Any CPU
		{53765947-3C37-4E1F-A1A1-1F50D3C20DA2}.Release|Any CPU.ActiveCfg = Release|Any CPU
		{53765947-3C37-4E1F-A1A1-1F50D3C20DA2}.Release|Any CPU.Build.0 = Release|Any CPU
	EndGlobalSection
	GlobalSection(SolutionProperties) = preSolution
		HideSolutionNode = FALSE
	EndGlobalSection
	GlobalSection(NestedProjects) = preSolution
		{076C2701-5A4A-4808-B118-7852136EC6B7} = {8496E75A-0431-4B82-B49B-F768D8941786}
		{E0B9BA30-690F-4AA3-BFEF-0DA4046F50AC} = {C64A6370-4F10-4452-98E0-419711D30B1F}
		{58154ECC-57F5-4294-906A-61CC4677F837} = {C64A6370-4F10-4452-98E0-419711D30B1F}
		{D8F1C848-EB39-4AE8-A0BE-CE2C52F6C3EB} = {CDF7920C-9111-4CDD-8FCD-D541C940070C}
		{D78DD6BB-C17F-4491-B2DA-E052F3DA9B44} = {C64A6370-4F10-4452-98E0-419711D30B1F}
		{CF1EF1ED-34F4-47EC-850D-C22D46689EF2} = {CDF7920C-9111-4CDD-8FCD-D541C940070C}
		{1D9F66A5-FE77-4B20-A363-61CC2E291B02} = {AC3A3EFA-7584-498D-A179-93D2D97AB43B}
		{DA78B655-66E8-4471-A796-25DA52F430F1} = {AC3A3EFA-7584-498D-A179-93D2D97AB43B}
		{1DC2A90F-58C0-4CF7-A4DC-6D7D600C2C32} = {98DFA07F-2F83-47CB-8EB9-9ED3EE0E786E}
		{66641B0F-BB93-4260-A7E8-82B9B89C8577} = {C64A6370-4F10-4452-98E0-419711D30B1F}
		{CB5A46E0-68B3-4C18-8EE3-5ACADBCA6C83} = {E48BB247-E320-4D68-99E2-10878DD79CCE}
		{53765947-3C37-4E1F-A1A1-1F50D3C20DA2} = {E48BB247-E320-4D68-99E2-10878DD79CCE}
	EndGlobalSection
	GlobalSection(ExtensibilityGlobals) = postSolution
		SolutionGuid = {35ED9635-47FB-4D92-8AEE-7133DC72B379}
	EndGlobalSection
EndGlobal
